
Microsoft Visual Studio Solution File, Format Version 12.00
# Visual Studio Version 17
VisualStudioVersion = 17.4.33110.190
MinimumVisualStudioVersion = 10.0.40219.1
Project("{FAE04EC0-301F-11D3-BF4B-00C04F79EFBC}") = "TarefasApp.Services", "TarefasApp.Services\TarefasApp.Services.csproj", "{2CF272C9-D80C-45C7-9F3C-FB4708BEEB75}"
EndProject
Project("{2150E333-8FDC-42A3-9474-1A3956D46DE8}") = "1 - API Services", "1 - API Services", "{F7A1DC82-FB5D-4FDB-A950-2A79FA4D6202}"
EndProject
Project("{2150E333-8FDC-42A3-9474-1A3956D46DE8}") = "2 - Domain", "2 - Domain", "{CF664309-7349-4281-B56E-B0AFFDF40018}"
EndProject
Project("{2150E333-8FDC-42A3-9474-1A3956D46DE8}") = "3 - InfraStructure", "3 - InfraStructure", "{43A283B1-E4DD-4DAF-B05C-29E6D059AFB8}"
EndProject
Project("{FAE04EC0-301F-11D3-BF4B-00C04F79EFBC}") = "TarefasApp.Domain", "TarefasApp.Domain\TarefasApp.Domain.csproj", "{36E9FBFA-C2BD-4803-904A-C6376434374D}"
EndProject
Project("{FAE04EC0-301F-11D3-BF4B-00C04F79EFBC}") = "TarefasApp.Infra.Data", "TarefasApp.Infra.Data\TarefasApp.Infra.Data.csproj", "{73984040-3393-42D6-A7FB-5F94A27B0585}"
EndProject
Global
	GlobalSection(SolutionConfigurationPlatforms) = preSolution
		Debug|Any CPU = Debug|Any CPU
		Release|Any CPU = Release|Any CPU
	EndGlobalSection
	GlobalSection(ProjectConfigurationPlatforms) = postSolution
		{2CF272C9-D80C-45C7-9F3C-FB4708BEEB75}.Debug|Any CPU.ActiveCfg = Debug|Any CPU
		{2CF272C9-D80C-45C7-9F3C-FB4708BEEB75}.Debug|Any CPU.Build.0 = Debug|Any CPU
		{2CF272C9-D80C-45C7-9F3C-FB4708BEEB75}.Release|Any CPU.ActiveCfg = Release|Any CPU
		{2CF272C9-D80C-45C7-9F3C-FB4708BEEB75}.Release|Any CPU.Build.0 = Release|Any CPU
		{36E9FBFA-C2BD-4803-904A-C6376434374D}.Debug|Any CPU.ActiveCfg = Debug|Any CPU
		{36E9FBFA-C2BD-4803-904A-C6376434374D}.Debug|Any CPU.Build.0 = Debug|Any CPU
		{36E9FBFA-C2BD-4803-904A-C6376434374D}.Release|Any CPU.ActiveCfg = Release|Any CPU
		{36E9FBFA-C2BD-4803-904A-C6376434374D}.Release|Any CPU.Build.0 = Release|Any CPU
		{73984040-3393-42D6-A7FB-5F94A27B0585}.Debug|Any CPU.ActiveCfg = Debug|Any CPU
		{73984040-3393-42D6-A7FB-5F94A27B0585}.Debug|Any CPU.Build.0 = Debug|Any CPU
		{73984040-3393-42D6-A7FB-5F94A27B0585}.Release|Any CPU.ActiveCfg = Release|Any CPU
		{73984040-3393-42D6-A7FB-5F94A27B0585}.Release|Any CPU.Build.0 = Release|Any CPU
	EndGlobalSection
	GlobalSection(SolutionProperties) = preSolution
		HideSolutionNode = FALSE
	EndGlobalSection
	GlobalSection(NestedProjects) = preSolution
		{2CF272C9-D80C-45C7-9F3C-FB4708BEEB75} = {F7A1DC82-FB5D-4FDB-A950-2A79FA4D6202}
		{36E9FBFA-C2BD-4803-904A-C6376434374D} = {CF664309-7349-4281-B56E-B0AFFDF40018}
		{73984040-3393-42D6-A7FB-5F94A27B0585} = {43A283B1-E4DD-4DAF-B05C-29E6D059AFB8}
	EndGlobalSection
	GlobalSection(ExtensibilityGlobals) = postSolution
		SolutionGuid = {733F816D-B80A-438A-BA99-AA558095D6D0}
	EndGlobalSection
EndGlobal
